// !$*UTF8*$!
{
	archiveVersion = 1;
	classes = {
	};
	objectVersion = 77;
	objects = {

/* Begin PBXContainerItemProxy section */
		758000092E76F7B9005DF751 /* PBXContainerItemProxy */ = {
			isa = PBXContainerItemProxy;
			containerPortal = 75F92A852E1EEF9800C4974E /* Project object */;
			proxyType = 1;
			remoteGlobalIDString = 75F92A8C2E1EEF9800C4974E;
			remoteInfo = "CBT Thought Diary";
		};
		7580FFE72E76F71E005DF751 /* PBXContainerItemProxy */ = {
			isa = PBXContainerItemProxy;
			containerPortal = 75F92A852E1EEF9800C4974E /* Project object */;
			proxyType = 1;
			remoteGlobalIDString = 75F92A8C2E1EEF9800C4974E;
			remoteInfo = "CBT Thought Diary";
		};
		7598B2912E78CB4B00859D57 /* PBXContainerItemProxy */ = {
			isa = PBXContainerItemProxy;
			containerPortal = 75F92A852E1EEF9800C4974E /* Project object */;
			proxyType = 1;
			remoteGlobalIDString = 75F92A8C2E1EEF9800C4974E;
			remoteInfo = "CBT Thought Diary";
		};
		75AE4F752E76ED79007CB271 /* PBXContainerItemProxy */ = {
			isa = PBXContainerItemProxy;
			containerPortal = 75F92A852E1EEF9800C4974E /* Project object */;
			proxyType = 1;
			remoteGlobalIDString = 75F92A8C2E1EEF9800C4974E;
			remoteInfo = "CBT Thought Diary";
		};
/* End PBXContainerItemProxy section */

/* Begin PBXFileReference section */
		758000052E76F7B9005DF751 /* Tests.xctest */ = {isa = PBXFileReference; explicitFileType = wrapper.cfbundle; includeInIndex = 0; path = Tests.xctest; sourceTree = BUILT_PRODUCTS_DIR; };
		7580FFE32E76F71E005DF751 /* ExercisesTests.xctest */ = {isa = PBXFileReference; explicitFileType = wrapper.cfbundle; includeInIndex = 0; path = ExercisesTests.xctest; sourceTree = BUILT_PRODUCTS_DIR; };
		7598B28D2E78CB4B00859D57 /* CBT Thought DiaryTests 2.xctest */ = {isa = PBXFileReference; explicitFileType = wrapper.cfbundle; includeInIndex = 0; path = "CBT Thought DiaryTests 2.xctest"; sourceTree = BUILT_PRODUCTS_DIR; };
		75AE4F742E76ED79007CB271 /* CBT Thought DiaryTests.xctest */ = {isa = PBXFileReference; explicitFileType = wrapper.cfbundle; includeInIndex = 0; path = "CBT Thought DiaryTests.xctest"; sourceTree = BUILT_PRODUCTS_DIR; };
		75F92A8D2E1EEF9800C4974E /* CBT Thought Diary.app */ = {isa = PBXFileReference; explicitFileType = wrapper.application; includeInIndex = 0; path = "CBT Thought Diary.app"; sourceTree = BUILT_PRODUCTS_DIR; };
/* End PBXFileReference section */

/* Begin PBXFileSystemSynchronizedRootGroup section */
		7598B28E2E78CB4B00859D57 /* CBT Thought DiaryTests 2 */ = {
			isa = PBXFileSystemSynchronizedRootGroup;
			path = "CBT Thought DiaryTests 2";
			sourceTree = "<group>";
		};
		75F92A8F2E1EEF9800C4974E /* CBT Thought Diary */ = {
			isa = PBXFileSystemSynchronizedRootGroup;
			path = "CBT Thought Diary";
			sourceTree = "<group>";
		};
/* End PBXFileSystemSynchronizedRootGroup section */

/* Begin PBXFrameworksBuildPhase section */
		758000022E76F7B9005DF751 /* Frameworks */ = {
			isa = PBXFrameworksBuildPhase;
			buildActionMask = 2147483647;
			files = (
			);
			runOnlyForDeploymentPostprocessing = 0;
		};
		7580FFE02E76F71E005DF751 /* Frameworks */ = {
			isa = PBXFrameworksBuildPhase;
			buildActionMask = 2147483647;
			files = (
			);
			runOnlyForDeploymentPostprocessing = 0;
		};
		7598B28A2E78CB4B00859D57 /* Frameworks */ = {
			isa = PBXFrameworksBuildPhase;
			buildActionMask = 2147483647;
			files = (
			);
			runOnlyForDeploymentPostprocessing = 0;
		};
		75AE4F712E76ED79007CB271 /* Frameworks */ = {
			isa = PBXFrameworksBuildPhase;
			buildActionMask = 2147483647;
			files = (
			);
			runOnlyForDeploymentPostprocessing = 0;
		};
		75F92A8A2E1EEF9800C4974E /* Frameworks */ = {
			isa = PBXFrameworksBuildPhase;
			buildActionMask = 2147483647;
			files = (
			);
			runOnlyForDeploymentPostprocessing = 0;
		};
/* End PBXFrameworksBuildPhase section */

/* Begin PBXGroup section */
		75F92A842E1EEF9800C4974E = {
			isa = PBXGroup;
			children = (
				75F92A8F2E1EEF9800C4974E /* CBT Thought Diary */,
				7598B28E2E78CB4B00859D57 /* CBT Thought DiaryTests 2 */,
				75F92A8E2E1EEF9800C4974E /* Products */,
			);
			sourceTree = "<group>";
		};
		75F92A8E2E1EEF9800C4974E /* Products */ = {
			isa = PBXGroup;
			children = (
				75F92A8D2E1EEF9800C4974E /* CBT Thought Diary.app */,
				75AE4F742E76ED79007CB271 /* CBT Thought DiaryTests.xctest */,
				7580FFE32E76F71E005DF751 /* ExercisesTests.xctest */,
				758000052E76F7B9005DF751 /* Tests.xctest */,
				7598B28D2E78CB4B00859D57 /* CBT Thought DiaryTests 2.xctest */,
			);
			name = Products;
			sourceTree = "<group>";
		};
/* End PBXGroup section */

/* Begin PBXNativeTarget section */
		758000042E76F7B9005DF751 /* Tests */ = {
			isa = PBXNativeTarget;
			buildConfigurationList = 7580000B2E76F7B9005DF751 /* Build configuration list for PBXNativeTarget "Tests" */;
			buildPhases = (
				758000012E76F7B9005DF751 /* Sources */,
				758000022E76F7B9005DF751 /* Frameworks */,
				758000032E76F7B9005DF751 /* Resources */,
			);
			buildRules = (
			);
			dependencies = (
				7580000A2E76F7B9005DF751 /* PBXTargetDependency */,
			);
			name = Tests;
			packageProductDependencies = (
			);
			productName = Tests;
			productReference = 758000052E76F7B9005DF751 /* Tests.xctest */;
			productType = "com.apple.product-type.bundle.unit-test";
		};
		7580FFE22E76F71E005DF751 /* ExercisesTests */ = {
			isa = PBXNativeTarget;
			buildConfigurationList = 7580FFEB2E76F71E005DF751 /* Build configuration list for PBXNativeTarget "ExercisesTests" */;
			buildPhases = (
				7580FFDF2E76F71E005DF751 /* Sources */,
				7580FFE02E76F71E005DF751 /* Frameworks */,
				7580FFE12E76F71E005DF751 /* Resources */,
			);
			buildRules = (
			);
			dependencies = (
				7580FFE82E76F71E005DF751 /* PBXTargetDependency */,
			);
			name = ExercisesTests;
			packageProductDependencies = (
			);
			productName = ExercisesTests;
			productReference = 7580FFE32E76F71E005DF751 /* ExercisesTests.xctest */;
			productType = "com.apple.product-type.bundle.unit-test";
		};
		7598B28C2E78CB4B00859D57 /* CBT Thought DiaryTests 2 */ = {
			isa = PBXNativeTarget;
			buildConfigurationList = 7598B2932E78CB4B00859D57 /* Build configuration list for PBXNativeTarget "CBT Thought DiaryTests 2" */;
			buildPhases = (
				7598B2892E78CB4B00859D57 /* Sources */,
				7598B28A2E78CB4B00859D57 /* Frameworks */,
				7598B28B2E78CB4B00859D57 /* Resources */,
			);
			buildRules = (
			);
			dependencies = (
				7598B2922E78CB4B00859D57 /* PBXTargetDependency */,
			);
			fileSystemSynchronizedGroups = (
				7598B28E2E78CB4B00859D57 /* CBT Thought DiaryTests 2 */,
			);
			name = "CBT Thought DiaryTests 2";
			packageProductDependencies = (
			);
			productName = "CBT Thought DiaryTests 2";
			productReference = 7598B28D2E78CB4B00859D57 /* CBT Thought DiaryTests 2.xctest */;
			productType = "com.apple.product-type.bundle.unit-test";
		};
		75AE4F732E76ED79007CB271 /* CBT Thought DiaryTests */ = {
			isa = PBXNativeTarget;
			buildConfigurationList = 75AE4F772E76ED79007CB271 /* Build configuration list for PBXNativeTarget "CBT Thought DiaryTests" */;
			buildPhases = (
				75AE4F702E76ED79007CB271 /* Sources */,
				75AE4F712E76ED79007CB271 /* Frameworks */,
				75AE4F722E76ED79007CB271 /* Resources */,
			);
			buildRules = (
			);
			dependencies = (
				75AE4F762E76ED79007CB271 /* PBXTargetDependency */,
			);
			name = "CBT Thought DiaryTests";
			packageProductDependencies = (
			);
			productName = "CBT Thought DiaryTests";
			productReference = 75AE4F742E76ED79007CB271 /* CBT Thought DiaryTests.xctest */;
			productType = "com.apple.product-type.bundle.unit-test";
		};
		75F92A8C2E1EEF9800C4974E /* CBT Thought Diary */ = {
			isa = PBXNativeTarget;
			buildConfigurationList = 75F92A992E1EEF9800C4974E /* Build configuration list for PBXNativeTarget "CBT Thought Diary" */;
			buildPhases = (
				75F92A892E1EEF9800C4974E /* Sources */,
				75F92A8A2E1EEF9800C4974E /* Frameworks */,
				75F92A8B2E1EEF9800C4974E /* Resources */,
			);
			buildRules = (
			);
			dependencies = (
			);
			fileSystemSynchronizedGroups = (
				75F92A8F2E1EEF9800C4974E /* CBT Thought Diary */,
			);
			name = "CBT Thought Diary";
			packageProductDependencies = (
			);
			productName = "CBT Thought Diary";
			productReference = 75F92A8D2E1EEF9800C4974E /* CBT Thought Diary.app */;
			productType = "com.apple.product-type.application";
		};
/* End PBXNativeTarget section */

/* Begin PBXProject section */
		75F92A852E1EEF9800C4974E /* Project object */ = {
			isa = PBXProject;
			attributes = {
				BuildIndependentTargetsInParallel = 1;
				LastSwiftUpdateCheck = 1640;
				LastUpgradeCheck = 1630;
				TargetAttributes = {
					758000042E76F7B9005DF751 = {
						CreatedOnToolsVersion = 16.4;
						TestTargetID = 75F92A8C2E1EEF9800C4974E;
					};
					7580FFE22E76F71E005DF751 = {
						CreatedOnToolsVersion = 16.4;
						TestTargetID = 75F92A8C2E1EEF9800C4974E;
					};
					7598B28C2E78CB4B00859D57 = {
						CreatedOnToolsVersion = 16.4;
						TestTargetID = 75F92A8C2E1EEF9800C4974E;
					};
					75AE4F732E76ED79007CB271 = {
						CreatedOnToolsVersion = 16.4;
						LastSwiftMigration = 1640;
						TestTargetID = 75F92A8C2E1EEF9800C4974E;
					};
					75F92A8C2E1EEF9800C4974E = {
						CreatedOnToolsVersion = 16.3;
					};
				};
			};
			buildConfigurationList = 75F92A882E1EEF9800C4974E /* Build configuration list for PBXProject "CBT Thought Diary" */;
			developmentRegion = en;
			hasScannedForEncodings = 0;
			knownRegions = (
				en,
				Base,
			);
			mainGroup = 75F92A842E1EEF9800C4974E;
			minimizedProjectReferenceProxies = 1;
			preferredProjectObjectVersion = 77;
			productRefGroup = 75F92A8E2E1EEF9800C4974E /* Products */;
			projectDirPath = "";
			projectRoot = "";
			targets = (
				75F92A8C2E1EEF9800C4974E /* CBT Thought Diary */,
				75AE4F732E76ED79007CB271 /* CBT Thought DiaryTests */,
				7580FFE22E76F71E005DF751 /* ExercisesTests */,
				758000042E76F7B9005DF751 /* Tests */,
				7598B28C2E78CB4B00859D57 /* CBT Thought DiaryTests 2 */,
			);
		};
/* End PBXProject section */

/* Begin PBXResourcesBuildPhase section */
		758000032E76F7B9005DF751 /* Resources */ = {
			isa = PBXResourcesBuildPhase;
			buildActionMask = 2147483647;
			files = (
			);
			runOnlyForDeploymentPostprocessing = 0;
		};
		7580FFE12E76F71E005DF751 /* Resources */ = {
			isa = PBXResourcesBuildPhase;
			buildActionMask = 2147483647;
			files = (
			);
			runOnlyForDeploymentPostprocessing = 0;
		};
		7598B28B2E78CB4B00859D57 /* Resources */ = {
			isa = PBXResourcesBuildPhase;
			buildActionMask = 2147483647;
			files = (
			);
			runOnlyForDeploymentPostprocessing = 0;
		};
		75AE4F722E76ED79007CB271 /* Resources */ = {
			isa = PBXResourcesBuildPhase;
			buildActionMask = 2147483647;
			files = (
			);
			runOnlyForDeploymentPostprocessing = 0;
		};
		75F92A8B2E1EEF9800C4974E /* Resources */ = {
			isa = PBXResourcesBuildPhase;
			buildActionMask = 2147483647;
			files = (
			);
			runOnlyForDeploymentPostprocessing = 0;
		};
/* End PBXResourcesBuildPhase section */

/* Begin PBXSourcesBuildPhase section */
		758000012E76F7B9005DF751 /* Sources */ = {
			isa = PBXSourcesBuildPhase;
			buildActionMask = 2147483647;
			files = (
			);
			runOnlyForDeploymentPostprocessing = 0;
		};
		7580FFDF2E76F71E005DF751 /* Sources */ = {
			isa = PBXSourcesBuildPhase;
			buildActionMask = 2147483647;
			files = (
			);
			runOnlyForDeploymentPostprocessing = 0;
		};
		7598B2892E78CB4B00859D57 /* Sources */ = {
			isa = PBXSourcesBuildPhase;
			buildActionMask = 2147483647;
			files = (
			);
			runOnlyForDeploymentPostprocessing = 0;
		};
		75AE4F702E76ED79007CB271 /* Sources */ = {
			isa = PBXSourcesBuildPhase;
			buildActionMask = 2147483647;
			files = (
			);
			runOnlyForDeploymentPostprocessing = 0;
		};
		75F92A892E1EEF9800C4974E /* Sources */ = {
			isa = PBXSourcesBuildPhase;
			buildActionMask = 2147483647;
			files = (
			);
			runOnlyForDeploymentPostprocessing = 0;
		};
/* End PBXSourcesBuildPhase section */

/* Begin PBXTargetDependency section */
		7580000A2E76F7B9005DF751 /* PBXTargetDependency */ = {
			isa = PBXTargetDependency;
			target = 75F92A8C2E1EEF9800C4974E /* CBT Thought Diary */;
			targetProxy = 758000092E76F7B9005DF751 /* PBXContainerItemProxy */;
		};
		7580FFE82E76F71E005DF751 /* PBXTargetDependency */ = {
			isa = PBXTargetDependency;
			target = 75F92A8C2E1EEF9800C4974E /* CBT Thought Diary */;
			targetProxy = 7580FFE72E76F71E005DF751 /* PBXContainerItemProxy */;
		};
		7598B2922E78CB4B00859D57 /* PBXTargetDependency */ = {
			isa = PBXTargetDependency;
			target = 75F92A8C2E1EEF9800C4974E /* CBT Thought Diary */;
			targetProxy = 7598B2912E78CB4B00859D57 /* PBXContainerItemProxy */;
		};
		75AE4F762E76ED79007CB271 /* PBXTargetDependency */ = {
			isa = PBXTargetDependency;
			target = 75F92A8C2E1EEF9800C4974E /* CBT Thought Diary */;
			targetProxy = 75AE4F752E76ED79007CB271 /* PBXContainerItemProxy */;
		};
/* End PBXTargetDependency section */

/* Begin XCBuildConfiguration section */
		7580000C2E76F7B9005DF751 /* Debug */ = {
			isa = XCBuildConfiguration;
			buildSettings = {
				BUNDLE_LOADER = "$(TEST_HOST)";
				CODE_SIGN_STYLE = Automatic;
				CURRENT_PROJECT_VERSION = 1;
				DEVELOPMENT_TEAM = B2DU8PTN9S;
				GENERATE_INFOPLIST_FILE = YES;
				IPHONEOS_DEPLOYMENT_TARGET = 18.5;
				MARKETING_VERSION = 1.0;
				PRODUCT_BUNDLE_IDENTIFIER = misho.Tests;
				PRODUCT_NAME = "$(TARGET_NAME)";
				SDKROOT = iphoneos;
				SWIFT_EMIT_LOC_STRINGS = NO;
				SWIFT_VERSION = 5.0;
				TARGETED_DEVICE_FAMILY = "1,2";
				TEST_HOST = "$(BUILT_PRODUCTS_DIR)/CBT Thought Diary.app/$(BUNDLE_EXECUTABLE_FOLDER_PATH)/CBT Thought Diary";
			};
			name = Debug;
		};
		7580000D2E76F7B9005DF751 /* Release */ = {
			isa = XCBuildConfiguration;
			buildSettings = {
				BUNDLE_LOADER = "$(TEST_HOST)";
				CODE_SIGN_STYLE = Automatic;
				CURRENT_PROJECT_VERSION = 1;
				DEVELOPMENT_TEAM = B2DU8PTN9S;
				GENERATE_INFOPLIST_FILE = YES;
				IPHONEOS_DEPLOYMENT_TARGET = 18.5;
				MARKETING_VERSION = 1.0;
				PRODUCT_BUNDLE_IDENTIFIER = misho.Tests;
				PRODUCT_NAME = "$(TARGET_NAME)";
				SDKROOT = iphoneos;
				SWIFT_EMIT_LOC_STRINGS = NO;
				SWIFT_VERSION = 5.0;
				TARGETED_DEVICE_FAMILY = "1,2";
				TEST_HOST = "$(BUILT_PRODUCTS_DIR)/CBT Thought Diary.app/$(BUNDLE_EXECUTABLE_FOLDER_PATH)/CBT Thought Diary";
				VALIDATE_PRODUCT = YES;
			};
			name = Release;
		};
		7580FFE92E76F71E005DF751 /* Debug */ = {
			isa = XCBuildConfiguration;
			buildSettings = {
				BUNDLE_LOADER = "$(TEST_HOST)";
				CODE_SIGN_STYLE = Automatic;
				CURRENT_PROJECT_VERSION = 1;
				DEVELOPMENT_TEAM = B2DU8PTN9S;
				GENERATE_INFOPLIST_FILE = YES;
				IPHONEOS_DEPLOYMENT_TARGET = 18.5;
				MARKETING_VERSION = 1.0;
				PRODUCT_BUNDLE_IDENTIFIER = misho.ExercisesTests;
				PRODUCT_NAME = "$(TARGET_NAME)";
				SDKROOT = iphoneos;
				SWIFT_EMIT_LOC_STRINGS = NO;
				SWIFT_VERSION = 5.0;
				TARGETED_DEVICE_FAMILY = "1,2";
				TEST_HOST = "$(BUILT_PRODUCTS_DIR)/CBT Thought Diary.app/$(BUNDLE_EXECUTABLE_FOLDER_PATH)/CBT Thought Diary";
			};
			name = Debug;
		};
		7580FFEA2E76F71E005DF751 /* Release */ = {
			isa = XCBuildConfiguration;
			buildSettings = {
				BUNDLE_LOADER = "$(TEST_HOST)";
				CODE_SIGN_STYLE = Automatic;
				CURRENT_PROJECT_VERSION = 1;
				DEVELOPMENT_TEAM = B2DU8PTN9S;
				GENERATE_INFOPLIST_FILE = YES;
				IPHONEOS_DEPLOYMENT_TARGET = 18.5;
				MARKETING_VERSION = 1.0;
				PRODUCT_BUNDLE_IDENTIFIER = misho.ExercisesTests;
				PRODUCT_NAME = "$(TARGET_NAME)";
				SDKROOT = iphoneos;
				SWIFT_EMIT_LOC_STRINGS = NO;
				SWIFT_VERSION = 5.0;
				TARGETED_DEVICE_FAMILY = "1,2";
				TEST_HOST = "$(BUILT_PRODUCTS_DIR)/CBT Thought Diary.app/$(BUNDLE_EXECUTABLE_FOLDER_PATH)/CBT Thought Diary";
				VALIDATE_PRODUCT = YES;
			};
			name = Release;
		};
		7598B2942E78CB4B00859D57 /* Debug */ = {
			isa = XCBuildConfiguration;
			buildSettings = {
				BUNDLE_LOADER = "$(TEST_HOST)";
				CODE_SIGN_STYLE = Automatic;
				CURRENT_PROJECT_VERSION = 1;
				DEVELOPMENT_TEAM = B2DU8PTN9S;
				GENERATE_INFOPLIST_FILE = YES;
				IPHONEOS_DEPLOYMENT_TARGET = 18.5;
				MACOSX_DEPLOYMENT_TARGET = 15.5;
				MARKETING_VERSION = 1.0;
				PRODUCT_BUNDLE_IDENTIFIER = "misho.CBT-Thought-DiaryTests-2";
				PRODUCT_NAME = "$(TARGET_NAME)";
				SDKROOT = auto;
				SUPPORTED_PLATFORMS = "iphoneos iphonesimulator macosx xros xrsimulator";
				SWIFT_EMIT_LOC_STRINGS = NO;
				SWIFT_VERSION = 5.0;
				TARGETED_DEVICE_FAMILY = "1,2,7";
				TEST_HOST = "$(BUILT_PRODUCTS_DIR)/CBT Thought Diary.app/$(BUNDLE_EXECUTABLE_FOLDER_PATH)/CBT Thought Diary";
				XROS_DEPLOYMENT_TARGET = 2.5;
			};
			name = Debug;
		};
		7598B2952E78CB4B00859D57 /* Release */ = {
			isa = XCBuildConfiguration;
			buildSettings = {
				BUNDLE_LOADER = "$(TEST_HOST)";
				CODE_SIGN_STYLE = Automatic;
				CURRENT_PROJECT_VERSION = 1;
				DEVELOPMENT_TEAM = B2DU8PTN9S;
				GENERATE_INFOPLIST_FILE = YES;
				IPHONEOS_DEPLOYMENT_TARGET = 18.5;
				MACOSX_DEPLOYMENT_TARGET = 15.5;
				MARKETING_VERSION = 1.0;
				PRODUCT_BUNDLE_IDENTIFIER = "misho.CBT-Thought-DiaryTests-2";
				PRODUCT_NAME = "$(TARGET_NAME)";
				SDKROOT = auto;
				SUPPORTED_PLATFORMS = "iphoneos iphonesimulator macosx xros xrsimulator";
				SWIFT_EMIT_LOC_STRINGS = NO;
				SWIFT_VERSION = 5.0;
				TARGETED_DEVICE_FAMILY = "1,2,7";
				TEST_HOST = "$(BUILT_PRODUCTS_DIR)/CBT Thought Diary.app/$(BUNDLE_EXECUTABLE_FOLDER_PATH)/CBT Thought Diary";
				XROS_DEPLOYMENT_TARGET = 2.5;
			};
			name = Release;
		};
		75AE4F782E76ED79007CB271 /* Debug */ = {
			isa = XCBuildConfiguration;
			buildSettings = {
				BUNDLE_LOADER = "$(TEST_HOST)";
				CLANG_ENABLE_MODULES = YES;
				CODE_SIGN_STYLE = Automatic;
				CURRENT_PROJECT_VERSION = 1;
				DEVELOPMENT_TEAM = B2DU8PTN9S;
				GENERATE_INFOPLIST_FILE = YES;
				MARKETING_VERSION = 1.0;
				PRODUCT_BUNDLE_IDENTIFIER = "misho.CBT-Thought-DiaryTests";
				PRODUCT_NAME = "$(TARGET_NAME)";
				SDKROOT = xros;
				SUPPORTED_PLATFORMS = "xros xrsimulator";
				SWIFT_EMIT_LOC_STRINGS = NO;
				SWIFT_OPTIMIZATION_LEVEL = "-Onone";
				SWIFT_VERSION = 5.0;
				TARGETED_DEVICE_FAMILY = 7;
				TEST_HOST = "$(BUILT_PRODUCTS_DIR)/CBT Thought Diary.app/$(BUNDLE_EXECUTABLE_FOLDER_PATH)/CBT Thought Diary";
				XROS_DEPLOYMENT_TARGET = 2.5;
			};
			name = Debug;
		};
		75AE4F792E76ED79007CB271 /* Release */ = {
			isa = XCBuildConfiguration;
			buildSettings = {
				BUNDLE_LOADER = "$(TEST_HOST)";
				CLANG_ENABLE_MODULES = YES;
				CODE_SIGN_STYLE = Automatic;
				CURRENT_PROJECT_VERSION = 1;
				DEVELOPMENT_TEAM = B2DU8PTN9S;
				GENERATE_INFOPLIST_FILE = YES;
				MARKETING_VERSION = 1.0;
				PRODUCT_BUNDLE_IDENTIFIER = "misho.CBT-Thought-DiaryTests";
				PRODUCT_NAME = "$(TARGET_NAME)";
				SDKROOT = xros;
				SUPPORTED_PLATFORMS = "xros xrsimulator";
				SWIFT_EMIT_LOC_STRINGS = NO;
				SWIFT_VERSION = 5.0;
				TARGETED_DEVICE_FAMILY = 7;
				TEST_HOST = "$(BUILT_PRODUCTS_DIR)/CBT Thought Diary.app/$(BUNDLE_EXECUTABLE_FOLDER_PATH)/CBT Thought Diary";
				VALIDATE_PRODUCT = YES;
				XROS_DEPLOYMENT_TARGET = 2.5;
			};
			name = Release;
		};
		75F92A972E1EEF9800C4974E /* Debug */ = {
			isa = XCBuildConfiguration;
			buildSettings = {
				ALWAYS_SEARCH_USER_PATHS = NO;
				ASSETCATALOG_COMPILER_GENERATE_SWIFT_ASSET_SYMBOL_EXTENSIONS = YES;
				CLANG_ANALYZER_NONNULL = YES;
				CLANG_ANALYZER_NUMBER_OBJECT_CONVERSION = YES_AGGRESSIVE;
				CLANG_CXX_LANGUAGE_STANDARD = "gnu++20";
				CLANG_ENABLE_MODULES = YES;
				CLANG_ENABLE_OBJC_ARC = YES;
				CLANG_ENABLE_OBJC_WEAK = YES;
				CLANG_WARN_BLOCK_CAPTURE_AUTORELEASING = YES;
				CLANG_WARN_BOOL_CONVERSION = YES;
				CLANG_WARN_COMMA = YES;
				CLANG_WARN_CONSTANT_CONVERSION = YES;
				CLANG_WARN_DEPRECATED_OBJC_IMPLEMENTATIONS = YES;
				CLANG_WARN_DIRECT_OBJC_ISA_USAGE = YES_ERROR;
				CLANG_WARN_DOCUMENTATION_COMMENTS = YES;
				CLANG_WARN_EMPTY_BODY = YES;
				CLANG_WARN_ENUM_CONVERSION = YES;
				CLANG_WARN_INFINITE_RECURSION = YES;
				CLANG_WARN_INT_CONVERSION = YES;
				CLANG_WARN_NON_LITERAL_NULL_CONVERSION = YES;
				CLANG_WARN_OBJC_IMPLICIT_RETAIN_SELF = YES;
				CLANG_WARN_OBJC_LITERAL_CONVERSION = YES;
				CLANG_WARN_OBJC_ROOT_CLASS = YES_ERROR;
				CLANG_WARN_QUOTED_INCLUDE_IN_FRAMEWORK_HEADER = YES;
				CLANG_WARN_RANGE_LOOP_ANALYSIS = YES;
				CLANG_WARN_STRICT_PROTOTYPES = YES;
				CLANG_WARN_SUSPICIOUS_MOVE = YES;
				CLANG_WARN_UNGUARDED_AVAILABILITY = YES_AGGRESSIVE;
				CLANG_WARN_UNREACHABLE_CODE = YES;
				CLANG_WARN__DUPLICATE_METHOD_MATCH = YES;
				COPY_PHASE_STRIP = NO;
				DEBUG_INFORMATION_FORMAT = dwarf;
				DEVELOPMENT_TEAM = B2DU8PTN9S;
				ENABLE_STRICT_OBJC_MSGSEND = YES;
				ENABLE_TESTABILITY = YES;
				ENABLE_USER_SCRIPT_SANDBOXING = YES;
				GCC_C_LANGUAGE_STANDARD = gnu17;
				GCC_DYNAMIC_NO_PIC = NO;
				GCC_NO_COMMON_BLOCKS = YES;
				GCC_OPTIMIZATION_LEVEL = 0;
				GCC_PREPROCESSOR_DEFINITIONS = (
					"DEBUG=1",
					"$(inherited)",
				);
				GCC_WARN_64_TO_32_BIT_CONVERSION = YES;
				GCC_WARN_ABOUT_RETURN_TYPE = YES_ERROR;
				GCC_WARN_UNDECLARED_SELECTOR = YES;
				GCC_WARN_UNINITIALIZED_AUTOS = YES_AGGRESSIVE;
				GCC_WARN_UNUSED_FUNCTION = YES;
				GCC_WARN_UNUSED_VARIABLE = YES;
				LOCALIZATION_PREFERS_STRING_CATALOGS = YES;
				MTL_ENABLE_DEBUG_INFO = INCLUDE_SOURCE;
				MTL_FAST_MATH = YES;
				ONLY_ACTIVE_ARCH = YES;
				SWIFT_ACTIVE_COMPILATION_CONDITIONS = "DEBUG $(inherited)";
				SWIFT_OPTIMIZATION_LEVEL = "-Onone";
			};
			name = Debug;
		};
		75F92A982E1EEF9800C4974E /* Release */ = {
			isa = XCBuildConfiguration;
			buildSettings = {
				ALWAYS_SEARCH_USER_PATHS = NO;
				ASSETCATALOG_COMPILER_GENERATE_SWIFT_ASSET_SYMBOL_EXTENSIONS = YES;
				CLANG_ANALYZER_NONNULL = YES;
				CLANG_ANALYZER_NUMBER_OBJECT_CONVERSION = YES_AGGRESSIVE;
				CLANG_CXX_LANGUAGE_STANDARD = "gnu++20";
				CLANG_ENABLE_MODULES = YES;
				CLANG_ENABLE_OBJC_ARC = YES;
				CLANG_ENABLE_OBJC_WEAK = YES;
				CLANG_WARN_BLOCK_CAPTURE_AUTORELEASING = YES;
				CLANG_WARN_BOOL_CONVERSION = YES;
				CLANG_WARN_COMMA = YES;
				CLANG_WARN_CONSTANT_CONVERSION = YES;
				CLANG_WARN_DEPRECATED_OBJC_IMPLEMENTATIONS = YES;
				CLANG_WARN_DIRECT_OBJC_ISA_USAGE = YES_ERROR;
				CLANG_WARN_DOCUMENTATION_COMMENTS = YES;
				CLANG_WARN_EMPTY_BODY = YES;
				CLANG_WARN_ENUM_CONVERSION = YES;
				CLANG_WARN_INFINITE_RECURSION = YES;
				CLANG_WARN_INT_CONVERSION = YES;
				CLANG_WARN_NON_LITERAL_NULL_CONVERSION = YES;
				CLANG_WARN_OBJC_IMPLICIT_RETAIN_SELF = YES;
				CLANG_WARN_OBJC_LITERAL_CONVERSION = YES;
				CLANG_WARN_OBJC_ROOT_CLASS = YES_ERROR;
				CLANG_WARN_QUOTED_INCLUDE_IN_FRAMEWORK_HEADER = YES;
				CLANG_WARN_RANGE_LOOP_ANALYSIS = YES;
				CLANG_WARN_STRICT_PROTOTYPES = YES;
				CLANG_WARN_SUSPICIOUS_MOVE = YES;
				CLANG_WARN_UNGUARDED_AVAILABILITY = YES_AGGRESSIVE;
				CLANG_WARN_UNREACHABLE_CODE = YES;
				CLANG_WARN__DUPLICATE_METHOD_MATCH = YES;
				COPY_PHASE_STRIP = NO;
				DEBUG_INFORMATION_FORMAT = "dwarf-with-dsym";
				DEVELOPMENT_TEAM = B2DU8PTN9S;
				ENABLE_NS_ASSERTIONS = NO;
				ENABLE_STRICT_OBJC_MSGSEND = YES;
				ENABLE_USER_SCRIPT_SANDBOXING = YES;
				GCC_C_LANGUAGE_STANDARD = gnu17;
				GCC_NO_COMMON_BLOCKS = YES;
				GCC_WARN_64_TO_32_BIT_CONVERSION = YES;
				GCC_WARN_ABOUT_RETURN_TYPE = YES_ERROR;
				GCC_WARN_UNDECLARED_SELECTOR = YES;
				GCC_WARN_UNINITIALIZED_AUTOS = YES_AGGRESSIVE;
				GCC_WARN_UNUSED_FUNCTION = YES;
				GCC_WARN_UNUSED_VARIABLE = YES;
				LOCALIZATION_PREFERS_STRING_CATALOGS = YES;
				MTL_ENABLE_DEBUG_INFO = NO;
				MTL_FAST_MATH = YES;
				SWIFT_COMPILATION_MODE = wholemodule;
			};
			name = Release;
		};
		75F92A9A2E1EEF9800C4974E /* Debug */ = {
			isa = XCBuildConfiguration;
			buildSettings = {
				ASSETCATALOG_COMPILER_APPICON_NAME = AppIcon;
				ASSETCATALOG_COMPILER_GLOBAL_ACCENT_COLOR_NAME = AccentColor;
				ASSETCATALOG_COMPILER_INCLUDE_ALL_APPICON_ASSETS = YES;
				CODE_SIGN_ENTITLEMENTS = "CBT Thought Diary/CBT_Thought_Diary.entitlements";
				CODE_SIGN_STYLE = Automatic;
				CURRENT_PROJECT_VERSION = 1;
				DEVELOPMENT_TEAM = B2DU8PTN9S;
				ENABLE_HARDENED_RUNTIME = YES;
				ENABLE_PREVIEWS = YES;
				GENERATE_INFOPLIST_FILE = YES;
				"INFOPLIST_KEY_UIApplicationSceneManifest_Generation[sdk=iphoneos*]" = YES;
				"INFOPLIST_KEY_UIApplicationSceneManifest_Generation[sdk=iphonesimulator*]" = YES;
				"INFOPLIST_KEY_UIApplicationSupportsIndirectInputEvents[sdk=iphoneos*]" = YES;
				"INFOPLIST_KEY_UIApplicationSupportsIndirectInputEvents[sdk=iphonesimulator*]" = YES;
				"INFOPLIST_KEY_UILaunchScreen_Generation[sdk=iphoneos*]" = YES;
				"INFOPLIST_KEY_UILaunchScreen_Generation[sdk=iphonesimulator*]" = YES;
				"INFOPLIST_KEY_UIStatusBarStyle[sdk=iphoneos*]" = UIStatusBarStyleDefault;
				"INFOPLIST_KEY_UIStatusBarStyle[sdk=iphonesimulator*]" = UIStatusBarStyleDefault;
				INFOPLIST_KEY_UISupportedInterfaceOrientations_iPad = "UIInterfaceOrientationPortrait UIInterfaceOrientationPortraitUpsideDown UIInterfaceOrientationLandscapeLeft UIInterfaceOrientationLandscapeRight";
				INFOPLIST_KEY_UISupportedInterfaceOrientations_iPhone = "UIInterfaceOrientationPortrait UIInterfaceOrientationLandscapeLeft UIInterfaceOrientationLandscapeRight";
				IPHONEOS_DEPLOYMENT_TARGET = 18.4;
				LD_RUNPATH_SEARCH_PATHS = "@executable_path/Frameworks";
				"LD_RUNPATH_SEARCH_PATHS[sdk=macosx*]" = "@executable_path/../Frameworks";
				MACOSX_DEPLOYMENT_TARGET = 15.4;
				MARKETING_VERSION = 1.0;
				PRODUCT_BUNDLE_IDENTIFIER = "misho.CBT-Thought-Diary";
				PRODUCT_NAME = "$(TARGET_NAME)";
				REGISTER_APP_GROUPS = YES;
				SDKROOT = auto;
				SUPPORTED_PLATFORMS = "iphoneos iphonesimulator macosx xros xrsimulator";
				SWIFT_EMIT_LOC_STRINGS = YES;
				SWIFT_VERSION = 5.0;
				TARGETED_DEVICE_FAMILY = "1,2,7";
				XROS_DEPLOYMENT_TARGET = 2.4;
			};
			name = Debug;
		};
		75F92A9B2E1EEF9800C4974E /* Release */ = {
			isa = XCBuildConfiguration;
			buildSettings = {
				ASSETCATALOG_COMPILER_APPICON_NAME = AppIcon;
				ASSETCATALOG_COMPILER_GLOBAL_ACCENT_COLOR_NAME = AccentColor;
				ASSETCATALOG_COMPILER_INCLUDE_ALL_APPICON_ASSETS = YES;
				CODE_SIGN_ENTITLEMENTS = "CBT Thought Diary/CBT_Thought_Diary.entitlements";
				CODE_SIGN_STYLE = Automatic;
				CURRENT_PROJECT_VERSION = 1;
				DEVELOPMENT_TEAM = B2DU8PTN9S;
				ENABLE_HARDENED_RUNTIME = YES;
				ENABLE_PREVIEWS = YES;
				GENERATE_INFOPLIST_FILE = YES;
				"INFOPLIST_KEY_UIApplicationSceneManifest_Generation[sdk=iphoneos*]" = YES;
				"INFOPLIST_KEY_UIApplicationSceneManifest_Generation[sdk=iphonesimulator*]" = YES;
				"INFOPLIST_KEY_UIApplicationSupportsIndirectInputEvents[sdk=iphoneos*]" = YES;
				"INFOPLIST_KEY_UIApplicationSupportsIndirectInputEvents[sdk=iphonesimulator*]" = YES;
				"INFOPLIST_KEY_UILaunchScreen_Generation[sdk=iphoneos*]" = YES;
				"INFOPLIST_KEY_UILaunchScreen_Generation[sdk=iphonesimulator*]" = YES;
				"INFOPLIST_KEY_UIStatusBarStyle[sdk=iphoneos*]" = UIStatusBarStyleDefault;
				"INFOPLIST_KEY_UIStatusBarStyle[sdk=iphonesimulator*]" = UIStatusBarStyleDefault;
				INFOPLIST_KEY_UISupportedInterfaceOrientations_iPad = "UIInterfaceOrientationPortrait UIInterfaceOrientationPortraitUpsideDown UIInterfaceOrientationLandscapeLeft UIInterfaceOrientationLandscapeRight";
				INFOPLIST_KEY_UISupportedInterfaceOrientations_iPhone = "UIInterfaceOrientationPortrait UIInterfaceOrientationLandscapeLeft UIInterfaceOrientationLandscapeRight";
				IPHONEOS_DEPLOYMENT_TARGET = 18.4;
				LD_RUNPATH_SEARCH_PATHS = "@executable_path/Frameworks";
				"LD_RUNPATH_SEARCH_PATHS[sdk=macosx*]" = "@executable_path/../Frameworks";
				MACOSX_DEPLOYMENT_TARGET = 15.4;
				MARKETING_VERSION = 1.0;
				PRODUCT_BUNDLE_IDENTIFIER = "misho.CBT-Thought-Diary";
				PRODUCT_NAME = "$(TARGET_NAME)";
				REGISTER_APP_GROUPS = YES;
				SDKROOT = auto;
				SUPPORTED_PLATFORMS = "iphoneos iphonesimulator macosx xros xrsimulator";
				SWIFT_EMIT_LOC_STRINGS = YES;
				SWIFT_VERSION = 5.0;
				TARGETED_DEVICE_FAMILY = "1,2,7";
				XROS_DEPLOYMENT_TARGET = 2.4;
			};
			name = Release;
		};
/* End XCBuildConfiguration section */

/* Begin XCConfigurationList section */
		7580000B2E76F7B9005DF751 /* Build configuration list for PBXNativeTarget "Tests" */ = {
			isa = XCConfigurationList;
			buildConfigurations = (
				7580000C2E76F7B9005DF751 /* Debug */,
				7580000D2E76F7B9005DF751 /* Release */,
			);
			defaultConfigurationIsVisible = 0;
			defaultConfigurationName = Release;
		};
		7580FFEB2E76F71E005DF751 /* Build configuration list for PBXNativeTarget "ExercisesTests" */ = {
			isa = XCConfigurationList;
			buildConfigurations = (
				7580FFE92E76F71E005DF751 /* Debug */,
				7580FFEA2E76F71E005DF751 /* Release */,
			);
			defaultConfigurationIsVisible = 0;
			defaultConfigurationName = Release;
		};
		7598B2932E78CB4B00859D57 /* Build configuration list for PBXNativeTarget "CBT Thought DiaryTests 2" */ = {
			isa = XCConfigurationList;
			buildConfigurations = (
				7598B2942E78CB4B00859D57 /* Debug */,
				7598B2952E78CB4B00859D57 /* Release */,
			);
			defaultConfigurationIsVisible = 0;
			defaultConfigurationName = Release;
		};
		75AE4F772E76ED79007CB271 /* Build configuration list for PBXNativeTarget "CBT Thought DiaryTests" */ = {
			isa = XCConfigurationList;
			buildConfigurations = (
				75AE4F782E76ED79007CB271 /* Debug */,
				75AE4F792E76ED79007CB271 /* Release */,
			);
			defaultConfigurationIsVisible = 0;
			defaultConfigurationName = Release;
		};
		75F92A882E1EEF9800C4974E /* Build configuration list for PBXProject "CBT Thought Diary" */ = {
			isa = XCConfigurationList;
			buildConfigurations = (
				75F92A972E1EEF9800C4974E /* Debug */,
				75F92A982E1EEF9800C4974E /* Release */,
			);
			defaultConfigurationIsVisible = 0;
			defaultConfigurationName = Release;
		};
		75F92A992E1EEF9800C4974E /* Build configuration list for PBXNativeTarget "CBT Thought Diary" */ = {
			isa = XCConfigurationList;
			buildConfigurations = (
				75F92A9A2E1EEF9800C4974E /* Debug */,
				75F92A9B2E1EEF9800C4974E /* Release */,
			);
			defaultConfigurationIsVisible = 0;
			defaultConfigurationName = Release;
		};
/* End XCConfigurationList section */
	};
	rootObject = 75F92A852E1EEF9800C4974E /* Project object */;
}
